
Microsoft Visual Studio Solution File, Format Version 12.00
# Visual Studio Version 17
VisualStudioVersion = 17.3.32825.248
MinimumVisualStudioVersion = 10.0.40219.1
Project("{FAE04EC0-301F-11D3-BF4B-00C04F79EFBC}") = "Dishroom", "Dishroom\Dishroom.csproj", "{619BB9F2-0656-4AA3-85DE-D48C1A1CDCC4}"
EndProject
Global
	GlobalSection(SolutionConfigurationPlatforms) = preSolution
		Debug|Any CPU = Debug|Any CPU
		Release|Any CPU = Release|Any CPU
	EndGlobalSection
	GlobalSection(ProjectConfigurationPlatforms) = postSolution
		{619BB9F2-0656-4AA3-85DE-D48C1A1CDCC4}.Debug|Any CPU.ActiveCfg = Debug|Any CPU
		{619BB9F2-0656-4AA3-85DE-D48C1A1CDCC4}.Debug|Any CPU.Build.0 = Debug|Any CPU
		{619BB9F2-0656-4AA3-85DE-D48C1A1CDCC4}.Release|Any CPU.ActiveCfg = Release|Any CPU
		{619BB9F2-0656-4AA3-85DE-D48C1A1CDCC4}.Release|Any CPU.Build.0 = Release|Any CPU
	EndGlobalSection
	GlobalSection(SolutionProperties) = preSolution
		HideSolutionNode = FALSE
	EndGlobalSection
	GlobalSection(ExtensibilityGlobals) = postSolution
		SolutionGuid = {2A7652AA-C052-4E59-8BEB-6F8FDBAFFF64}
	EndGlobalSection
EndGlobal
